
Microsoft Visual Studio Solution File, Format Version 12.00
# Visual Studio Version 17
VisualStudioVersion = 17.0.31903.59
MinimumVisualStudioVersion = 10.0.40219.1
Project("{2150E333-8FDC-42A3-9474-1A3956D46DE8}") = "src", "src", "{827E0CD3-B72D-47B6-A68D-7590B98EB39B}"
EndProject
Project("{FAE04EC0-301F-11D3-BF4B-00C04F79EFBC}") = "ThermalApp", "src\ThermalApp\ThermalApp.csproj", "{2CD46EF8-1424-4F81-8531-121FF7BCC768}"
EndProject
Project("{FAE04EC0-301F-11D3-BF4B-00C04F79EFBC}") = "ThermalApp.Probe", "src\ThermalApp.Probe\ThermalApp.Probe.csproj", "{69960090-3153-4801-AB67-1F73D23CFA3C}"
EndProject
Global
	GlobalSection(SolutionConfigurationPlatforms) = preSolution
		Debug|Any CPU = Debug|Any CPU
		Debug|x64 = Debug|x64
		Debug|x86 = Debug|x86
		Release|Any CPU = Release|Any CPU
		Release|x64 = Release|x64
		Release|x86 = Release|x86
	EndGlobalSection
	GlobalSection(ProjectConfigurationPlatforms) = postSolution
		{2CD46EF8-1424-4F81-8531-121FF7BCC768}.Debug|Any CPU.ActiveCfg = Debug|x64
		{2CD46EF8-1424-4F81-8531-121FF7BCC768}.Debug|Any CPU.Build.0 = Debug|x64
		{2CD46EF8-1424-4F81-8531-121FF7BCC768}.Debug|x64.ActiveCfg = Debug|x64
		{2CD46EF8-1424-4F81-8531-121FF7BCC768}.Debug|x64.Build.0 = Debug|x64
		{2CD46EF8-1424-4F81-8531-121FF7BCC768}.Debug|x86.ActiveCfg = Debug|x64
		{2CD46EF8-1424-4F81-8531-121FF7BCC768}.Debug|x86.Build.0 = Debug|x64
		{2CD46EF8-1424-4F81-8531-121FF7BCC768}.Release|Any CPU.ActiveCfg = Release|x64
		{2CD46EF8-1424-4F81-8531-121FF7BCC768}.Release|Any CPU.Build.0 = Release|x64
		{2CD46EF8-1424-4F81-8531-121FF7BCC768}.Release|x64.ActiveCfg = Release|x64
		{2CD46EF8-1424-4F81-8531-121FF7BCC768}.Release|x64.Build.0 = Release|x64
		{2CD46EF8-1424-4F81-8531-121FF7BCC768}.Release|x86.ActiveCfg = Release|x64
		{2CD46EF8-1424-4F81-8531-121FF7BCC768}.Release|x86.Build.0 = Release|x64
		{69960090-3153-4801-AB67-1F73D23CFA3C}.Debug|Any CPU.ActiveCfg = Debug|x64
		{69960090-3153-4801-AB67-1F73D23CFA3C}.Debug|Any CPU.Build.0 = Debug|x64
		{69960090-3153-4801-AB67-1F73D23CFA3C}.Debug|x64.ActiveCfg = Debug|x64
		{69960090-3153-4801-AB67-1F73D23CFA3C}.Debug|x64.Build.0 = Debug|x64
		{69960090-3153-4801-AB67-1F73D23CFA3C}.Debug|x86.ActiveCfg = Debug|x64
		{69960090-3153-4801-AB67-1F73D23CFA3C}.Debug|x86.Build.0 = Debug|x64
		{69960090-3153-4801-AB67-1F73D23CFA3C}.Release|Any CPU.ActiveCfg = Release|x64
		{69960090-3153-4801-AB67-1F73D23CFA3C}.Release|Any CPU.Build.0 = Release|x64
		{69960090-3153-4801-AB67-1F73D23CFA3C}.Release|x64.ActiveCfg = Release|x64
		{69960090-3153-4801-AB67-1F73D23CFA3C}.Release|x64.Build.0 = Release|x64
		{69960090-3153-4801-AB67-1F73D23CFA3C}.Release|x86.ActiveCfg = Release|x64
		{69960090-3153-4801-AB67-1F73D23CFA3C}.Release|x86.Build.0 = Release|x64
	EndGlobalSection
	GlobalSection(SolutionProperties) = preSolution
		HideSolutionNode = FALSE
	EndGlobalSection
	GlobalSection(NestedProjects) = preSolution
		{2CD46EF8-1424-4F81-8531-121FF7BCC768} = {827E0CD3-B72D-47B6-A68D-7590B98EB39B}
		{69960090-3153-4801-AB67-1F73D23CFA3C} = {827E0CD3-B72D-47B6-A68D-7590B98EB39B}
	EndGlobalSection
EndGlobal
